
Microsoft Visual Studio Solution File, Format Version 12.00
# Visual Studio Version 16
VisualStudioVersion = 16.0.31702.278
MinimumVisualStudioVersion = 10.0.40219.1
Project("{FAE04EC0-301F-11D3-BF4B-00C04F79EFBC}") = "Animals", "Animals\Animals.csproj", "{2870B90F-B3A3-4E95-A5DF-3954F3441AA9}"
EndProject
Global
	GlobalSection(SolutionConfigurationPlatforms) = preSolution
		Debug|Any CPU = Debug|Any CPU
		Release|Any CPU = Release|Any CPU
	EndGlobalSection
	GlobalSection(ProjectConfigurationPlatforms) = postSolution
		{2870B90F-B3A3-4E95-A5DF-3954F3441AA9}.Debug|Any CPU.ActiveCfg = Debug|Any CPU
		{2870B90F-B3A3-4E95-A5DF-3954F3441AA9}.Debug|Any CPU.Build.0 = Debug|Any CPU
		{2870B90F-B3A3-4E95-A5DF-3954F3441AA9}.Release|Any CPU.ActiveCfg = Release|Any CPU
		{2870B90F-B3A3-4E95-A5DF-3954F3441AA9}.Release|Any CPU.Build.0 = Release|Any CPU
	EndGlobalSection
	GlobalSection(SolutionProperties) = preSolution
		HideSolutionNode = FALSE
	EndGlobalSection
	GlobalSection(ExtensibilityGlobals) = postSolution
		SolutionGuid = {0FEE9151-3E90-4A5E-9036-0542E3B40E59}
	EndGlobalSection
EndGlobal
